{
  "name": "ecommerce-dashboard",
  "version": "0.1.0",
  "lockfileVersion": 2,
  "requires": true,
  "packages": {
    "": {
      "name": "ecommerce-dashboard",
      "version": "0.1.0",
      "dependencies": {
        "@testing-library/jest-dom": "^5.14.1",
        "@testing-library/react": "^12.0.0",
        "@testing-library/user-event": "^13.2.1",
        "chart.js": "^3.7.0",
        "react": "^17.0.2",
        "react-chartjs-2": "^4.0.0",
        "react-circular-progressbar": "^2.0.4",
        "react-dom": "^17.0.2",
        "react-router-dom": "^6.2.1",
        "react-scripts": "5.0.0",
        "sass": "^1.48.0",
        "web-vitals": "^2.1.0"
      }
    },
    "node_modules/@babel/code-frame": {
      "version": "7.16.7",
      "resolved": "https://registry.npmjs.org/@babel/code-frame/-/code-frame-7.16.7.tgz",
      "integrity": "sha512-iAXqUn8IIeBTNd72xsFlgaXHkMBMt6y4HJp1tIaK465CWLT/fG1aqB7ykr95gHHmlBdGbFeWWfyB4NJJ0nmeIg==",
      "dependencies": {
        "@babel/highlight": "^7.16.7"
      },
      "engines": {
        "node": ">=6.9.0"
      }
    },
    "node_modules/@babel/compat-data": {
      "version": "7.16.8",
      "resolved": "https://registry.npmjs.org/@babel/compat-data/-/compat-data-7.16.8.tgz",
      "integrity": "sha512-m7OkX0IdKLKPpBlJtF561YJal5y/jyI5fNfWbPxh2D/nbzzGI4qRyrD8xO2jB24u7l+5I2a43scCG2IrfjC50Q==",
      "engines": {
        "node": ">=6.9.0"
      }
    },
    "node_modules/@babel/core": {
      "version": "7.16.7",
      "resolved": "https://registry.npmjs.org/@babel/core/-/core-7.16.7.tgz",
      "integrity": "sha512-aeLaqcqThRNZYmbMqtulsetOQZ/5gbR/dWruUCJcpas4Qoyy+QeagfDsPdMrqwsPRDNxJvBlRiZxxX7THO7qtA==",
      "dependencies": {
        "@babel/code-frame": "^7.16.7",
        "@babel/generator": "^7.16.7",
        "@babel/helper-compilation-targets": "^7.16.7",
        "@babel/helper-module-transforms": "^7.16.7",
        "@babel/helpers": "^7.16.7",
        "@babel/parser": "^7.16.7",
        "@babel/template": "^7.16.7",
        "@babel/traverse": "^7.16.7",
        "@babel/types": "^7.16.7",
        "convert-source-map": "^1.7.0",
        "debug": "^4.1.0",
        "gensync": "^1.0.0-beta.2",
        "json5": "^2.1.2",
        "semver": "^6.3.0",
        "source-map": "^0.5.0"
      },
      "engines": {
        "node": ">=6.9.0"
      },
      "funding": {
        "type": "opencollective",
        "url": "https://opencollective.com/babel"
      }
    },
    "node_modules/@babel/core/node_modules/semver": {
      "version": "6.3.0",
      "resolved": "https://registry.npmjs.org/semver/-/semver-6.3.0.tgz",
      "integrity": "sha512-b39TBaTSfV6yBrapU89p5fKekE2m/NwnDocOVruQFS1/veMgdzuPcnOM34M6CwxW8jH/lxEa5rBoDeUwu5HHTw==",
      "bin": {
        "semver": "bin/semver.js"
      }
    },
    "node_modules/@babel/core/node_modules/source-map": {
      "version": "0.5.7",
      "resolved": "https://registry.npmjs.org/source-map/-/source-map-0.5.7.tgz",
      "integrity": "sha1-igOdLRAh0i0eoUyA2OpGi6LvP8w=",
      "engines": {
        "node": ">=0.10.0"
      }
    },
    "node_modules/@babel/eslint-parser": {
      "version": "7.16.5",
      "resolved": "https://registry.npmjs.org/@babel/eslint-parser/-/eslint-parser-7.16.5.tgz",
      "integrity": "sha512-mUqYa46lgWqHKQ33Q6LNCGp/wPR3eqOYTUixHFsfrSQqRxH0+WOzca75iEjFr5RDGH1dDz622LaHhLOzOuQRUA==",
      "dependencies": {
        "eslint-scope": "^5.1.1",
        "eslint-visitor-keys": "^2.1.0",
        "semver": "^6.3.0"
      },
      "engines": {
        "node": "^10.13.0 || ^12.13.0 || >=14.0.0"
      },
      "peerDependencies": {
        "@babel/core": ">=7.11.0",
        "eslint": "^7.5.0 || ^8.0.0"
      }
    },
    "node_modules/@babel/eslint-parser/node_modules/eslint-scope": {
      "version": "5.1.1",
      "resolved": "https://registry.npmjs.org/eslint-scope/-/eslint-scope-5.1.1.tgz",
      "integrity": "sha512-2NxwbF/hZ0KpepYN0cNbo+FN6XoK7GaHlQhgx/hIZl6Va0bF45RQOOwhLIy8lQDbuCiadSLCBnH2CFYquit5bw==",
      "dependencies": {
        "esrecurse": "^4.3.0",
        "estraverse": "^4.1.1"
      },
      "engines": {
        "node": ">=8.0.0"
      }
    },
    "node_modules/@babel/eslint-parser/node_modules/eslint-visitor-keys": {
      "version": "2.1.0",
      "resolved": "https://registry.npmjs.org/eslint-visitor-keys/-/eslint-visitor-keys-2.1.0.tgz",
      "integrity": "sha512-0rSmRBzXgDzIsD6mGdJgevzgezI534Cer5L/vyMX0kHzT/jiB43jRhd9YUlMGYLQy2zprNmoT8qasCGtY+QaKw==",
      "engines": {
        "node": ">=10"
      }
    },
    "node_modules/@babel/eslint-parser/node_modules/estraverse": {
      "version": "4.3.0",
      "resolved": "https://registry.npmjs.org/estraverse/-/estraverse-4.3.0.tgz",
      "integrity": "sha512-39nnKffWz8xN1BU/2c79n9nB9HDzo0niYUqx6xyqUnyoAnQyyWpOTdZEeiCch8BBu515t4wp9ZmgVfVhn9EBpw==",
      "engines": {
        "node": ">=4.0"
      }
    },
    "node_modules/@babel/eslint-parser/node_modules/semver": {
      "version": "6.3.0",
      "resolved": "https://registry.npmjs.org/semver/-/semver-6.3.0.tgz",
      "integrity": "sha512-b39TBaTSfV6yBrapU89p5fKekE2m/NwnDocOVruQFS1/veMgdzuPcnOM34M6CwxW8jH/lxEa5rBoDeUwu5HHTw==",
      "bin": {
        "semver": "bin/semver.js"
      }
    },
    "node_modules/@babel/generator": {
      "version": "7.16.8",
      "resolved": "https://registry.npmjs.org/@babel/generator/-/generator-7.16.8.tgz",
      "integrity": "sha512-1ojZwE9+lOXzcWdWmO6TbUzDfqLD39CmEhN8+2cX9XkDo5yW1OpgfejfliysR2AWLpMamTiOiAp/mtroaymhpw==",
      "dependencies": {
        "@babel/types": "^7.16.8",
        "jsesc": "^2.5.1",
        "source-map": "^0.5.0"
      },
      "engines": {
        "node": ">=6.9.0"
      }
    },
    "node_modules/@babel/generator/node_modules/source-map": {
      "version": "0.5.7",
      "resolved": "https://registry.npmjs.org/source-map/-/source-map-0.5.7.tgz",
      "integrity": "sha1-igOdLRAh0i0eoUyA2OpGi6LvP8w=",
      "engines": {
        "node": ">=0.10.0"
      }
    },
    "node_modules/@babel/helper-annotate-as-pure": {
      "version": "7.16.7",
      "resolved": "https://registry.npmjs.org/@babel/helper-annotate-as-pure/-/helper-annotate-as-pure-7.16.7.tgz",
      "integrity": "sha512-s6t2w/IPQVTAET1HitoowRGXooX8mCgtuP5195wD/QJPV6wYjpujCGF7JuMODVX2ZAJOf1GT6DT9MHEZvLOFSw==",
      "dependencies": {
        "@babel/types": "^7.16.7"
      },
      "engines": {
        "node": ">=6.9.0"
      }
    },
